
Microsoft Visual Studio Solution File, Format Version 12.00
# Visual Studio Version 17
VisualStudioVersion = 17.0.31903.59
MinimumVisualStudioVersion = 10.0.40219.1
Project("{FAE04EC0-301F-11D3-BF4B-00C04F79EFBC}") = "Uqs.Customer", "Uqs.Customer\Uqs.Customer.csproj", "{89C9D440-1DEB-456E-9D7D-9CE0597D223E}"
EndProject
Project("{FAE04EC0-301F-11D3-BF4B-00C04F79EFBC}") = "Uqs.Customer.Tests.Unit", "Uqs.Customer.Tests.Unit\Uqs.Customer.Tests.Unit.csproj", "{EB94FEAF-0D9F-42D3-8C51-0D83F6A562FC}"
EndProject
Global
	GlobalSection(SolutionConfigurationPlatforms) = preSolution
		Debug|Any CPU = Debug|Any CPU
		Release|Any CPU = Release|Any CPU
	EndGlobalSection
	GlobalSection(SolutionProperties) = preSolution
		HideSolutionNode = FALSE
	EndGlobalSection
	GlobalSection(ProjectConfigurationPlatforms) = postSolution
		{89C9D440-1DEB-456E-9D7D-9CE0597D223E}.Debug|Any CPU.ActiveCfg = Debug|Any CPU
		{89C9D440-1DEB-456E-9D7D-9CE0597D223E}.Debug|Any CPU.Build.0 = Debug|Any CPU
		{89C9D440-1DEB-456E-9D7D-9CE0597D223E}.Release|Any CPU.ActiveCfg = Release|Any CPU
		{89C9D440-1DEB-456E-9D7D-9CE0597D223E}.Release|Any CPU.Build.0 = Release|Any CPU
		{EB94FEAF-0D9F-42D3-8C51-0D83F6A562FC}.Debug|Any CPU.ActiveCfg = Debug|Any CPU
		{EB94FEAF-0D9F-42D3-8C51-0D83F6A562FC}.Debug|Any CPU.Build.0 = Debug|Any CPU
		{EB94FEAF-0D9F-42D3-8C51-0D83F6A562FC}.Release|Any CPU.ActiveCfg = Release|Any CPU
		{EB94FEAF-0D9F-42D3-8C51-0D83F6A562FC}.Release|Any CPU.Build.0 = Release|Any CPU
	EndGlobalSection
EndGlobal
